
Microsoft Visual Studio Solution File, Format Version 12.00
# Visual Studio 15
VisualStudioVersion = 15.0.28010.2050
MinimumVisualStudioVersion = 10.0.40219.1
Project("{FAE04EC0-301F-11D3-BF4B-00C04F79EFBC}") = "Day1", "Day1\Day1.csproj", "{70370232-6AF4-4131-B71F-B52C5EEC2AFA}"
EndProject
Project("{FAE04EC0-301F-11D3-BF4B-00C04F79EFBC}") = "Day1-1", "Day1-1\Day1-1.csproj", "{5E7A97EF-B2F7-461C-B1E1-04535A58B908}"
EndProject
Project("{FAE04EC0-301F-11D3-BF4B-00C04F79EFBC}") = "Day1-2", "Day1-2\Day1-2.csproj", "{BA092C4C-C8DE-48D0-8323-52C9A87B9CA4}"
EndProject
Project("{FAE04EC0-301F-11D3-BF4B-00C04F79EFBC}") = "Day1-3", "Day1-3\Day1-3.csproj", "{B0741E06-9192-4C71-A9E0-BF2117D07728}"
EndProject
Project("{FAE04EC0-301F-11D3-BF4B-00C04F79EFBC}") = "Day1-4", "Day1-4\Day1-4.csproj", "{020805BE-7240-482E-9B06-3E65D0794DFF}"
EndProject
Project("{FAE04EC0-301F-11D3-BF4B-00C04F79EFBC}") = "Day1_5", "Day1_5\Day1_5.csproj", "{80D52ED2-2353-487D-8F8D-057161EF1E93}"
EndProject
Project("{FAE04EC0-301F-11D3-BF4B-00C04F79EFBC}") = "isastest", "isastest\isastest.csproj", "{DB790F1D-C22E-4F0F-B1A8-9A76C696F643}"
EndProject
Project("{FAE04EC0-301F-11D3-BF4B-00C04F79EFBC}") = "Day1-6", "Day1-6\Day1-6.csproj", "{412A567A-C02A-4637-B73B-329D77148C59}"
EndProject
Project("{FAE04EC0-301F-11D3-BF4B-00C04F79EFBC}") = "Day1-7", "Day1-7\Day1-7.csproj", "{FB954F3C-C21F-445C-BD24-77E407618524}"
EndProject
Project("{FAE04EC0-301F-11D3-BF4B-00C04F79EFBC}") = "Day1-8", "Day1-8\Day1-8.csproj", "{47D83CF2-C87D-47F1-A1F3-2027A9A8054F}"
EndProject
Project("{FAE04EC0-301F-11D3-BF4B-00C04F79EFBC}") = "Day1-9", "Day1-9\Day1-9.csproj", "{573E8D4A-61B3-4527-8073-2B03C940C02A}"
EndProject
Project("{FAE04EC0-301F-11D3-BF4B-00C04F79EFBC}") = "Day1-10", "Day1-10\Day1-10.csproj", "{4FFEB15F-6BDC-4D63-B3F0-2BC47115DD8E}"
EndProject
Project("{FAE04EC0-301F-11D3-BF4B-00C04F79EFBC}") = "Day1-11", "Day1-11\Day1-11.csproj", "{B2AC11C5-65B6-47B0-9955-DD0E258749DE}"
EndProject
Project("{FAE04EC0-301F-11D3-BF4B-00C04F79EFBC}") = "Day1-12", "Day1-12\Day1-12.csproj", "{D6FB6374-E844-417C-AA0A-B34E38FD23A2}"
EndProject
Project("{FAE04EC0-301F-11D3-BF4B-00C04F79EFBC}") = "Arraytest", "Arraytest\Arraytest.csproj", "{DC1CF440-67BE-4C68-8FC5-889A8482DC9A}"
EndProject
Project("{FAE04EC0-301F-11D3-BF4B-00C04F79EFBC}") = "lab1", "lab1\lab1.csproj", "{D9A1F1D1-328D-4C6C-BEB5-7AE5A793409E}"
EndProject
Project("{FAE04EC0-301F-11D3-BF4B-00C04F79EFBC}") = "lab4", "lab4\lab4.csproj", "{A515E39C-8258-4D35-A6F6-EF5079FA722C}"
EndProject
Project("{FAE04EC0-301F-11D3-BF4B-00C04F79EFBC}") = "lab6", "lab6\lab6.csproj", "{84948FEB-D4F5-4DB1-8437-3BEE2968C841}"
EndProject
Project("{FAE04EC0-301F-11D3-BF4B-00C04F79EFBC}") = "lab7", "lab7\lab7.csproj", "{EF14DC9D-ECF6-4A2A-9209-0F0A419710DC}"
EndProject
Project("{FAE04EC0-301F-11D3-BF4B-00C04F79EFBC}") = "Lab8", "Lab8\Lab8.csproj", "{4EA99F15-69D2-479D-A0A5-B2DCD9E09AF4}"
EndProject
Global
	GlobalSection(SolutionConfigurationPlatforms) = preSolution
		Debug|Any CPU = Debug|Any CPU
		Release|Any CPU = Release|Any CPU
	EndGlobalSection
	GlobalSection(ProjectConfigurationPlatforms) = postSolution
		{70370232-6AF4-4131-B71F-B52C5EEC2AFA}.Debug|Any CPU.ActiveCfg = Debug|Any CPU
		{70370232-6AF4-4131-B71F-B52C5EEC2AFA}.Debug|Any CPU.Build.0 = Debug|Any CPU
		{70370232-6AF4-4131-B71F-B52C5EEC2AFA}.Release|Any CPU.ActiveCfg = Release|Any CPU
		{70370232-6AF4-4131-B71F-B52C5EEC2AFA}.Release|Any CPU.Build.0 = Release|Any CPU
		{5E7A97EF-B2F7-461C-B1E1-04535A58B908}.Debug|Any CPU.ActiveCfg = Debug|Any CPU
		{5E7A97EF-B2F7-461C-B1E1-04535A58B908}.Debug|Any CPU.Build.0 = Debug|Any CPU
		{5E7A97EF-B2F7-461C-B1E1-04535A58B908}.Release|Any CPU.ActiveCfg = Release|Any CPU
		{5E7A97EF-B2F7-461C-B1E1-04535A58B908}.Release|Any CPU.Build.0 = Release|Any CPU
		{BA092C4C-C8DE-48D0-8323-52C9A87B9CA4}.Debug|Any CPU.ActiveCfg = Debug|Any CPU
		{BA092C4C-C8DE-48D0-8323-52C9A87B9CA4}.Debug|Any CPU.Build.0 = Debug|Any CPU
		{BA092C4C-C8DE-48D0-8323-52C9A87B9CA4}.Release|Any CPU.ActiveCfg = Release|Any CPU
		{BA092C4C-C8DE-48D0-8323-52C9A87B9CA4}.Release|Any CPU.Build.0 = Release|Any CPU
		{B0741E06-9192-4C71-A9E0-BF2117D07728}.Debug|Any CPU.ActiveCfg = Debug|Any CPU
		{B0741E06-9192-4C71-A9E0-BF2117D07728}.Debug|Any CPU.Build.0 = Debug|Any CPU
		{B0741E06-9192-4C71-A9E0-BF2117D07728}.Release|Any CPU.ActiveCfg = Release|Any CPU
		{B0741E06-9192-4C71-A9E0-BF2117D07728}.Release|Any CPU.Build.0 = Release|Any CPU
		{020805BE-7240-482E-9B06-3E65D0794DFF}.Debug|Any CPU.ActiveCfg = Debug|Any CPU
		{020805BE-7240-482E-9B06-3E65D0794DFF}.Debug|Any CPU.Build.0 = Debug|Any CPU
		{020805BE-7240-482E-9B06-3E65D0794DFF}.Release|Any CPU.ActiveCfg = Release|Any CPU
		{020805BE-7240-482E-9B06-3E65D0794DFF}.Release|Any CPU.Build.0 = Release|Any CPU
		{80D52ED2-2353-487D-8F8D-057161EF1E93}.Debug|Any CPU.ActiveCfg = Debug|Any CPU
		{80D52ED2-2353-487D-8F8D-057161EF1E93}.Debug|Any CPU.Build.0 = Debug|Any CPU
		{80D52ED2-2353-487D-8F8D-057161EF1E93}.Release|Any CPU.ActiveCfg = Release|Any CPU
		{80D52ED2-2353-487D-8F8D-057161EF1E93}.Release|Any CPU.Build.0 = Release|Any CPU
		{DB790F1D-C22E-4F0F-B1A8-9A76C696F643}.Debug|Any CPU.ActiveCfg = Debug|Any CPU
		{DB790F1D-C22E-4F0F-B1A8-9A76C696F643}.Debug|Any CPU.Build.0 = Debug|Any CPU
		{DB790F1D-C22E-4F0F-B1A8-9A76C696F643}.Release|Any CPU.ActiveCfg = Release|Any CPU
		{DB790F1D-C22E-4F0F-B1A8-9A76C696F643}.Release|Any CPU.Build.0 = Release|Any CPU
		{412A567A-C02A-4637-B73B-329D77148C59}.Debug|Any CPU.ActiveCfg = Debug|Any CPU
		{412A567A-C02A-4637-B73B-329D77148C59}.Debug|Any CPU.Build.0 = Debug|Any CPU
		{412A567A-C02A-4637-B73B-329D77148C59}.Release|Any CPU.ActiveCfg = Release|Any CPU
		{412A567A-C02A-4637-B73B-329D77148C59}.Release|Any CPU.Build.0 = Release|Any CPU
		{FB954F3C-C21F-445C-BD24-77E407618524}.Debug|Any CPU.ActiveCfg = Debug|Any CPU
		{FB954F3C-C21F-445C-BD24-77E407618524}.Debug|Any CPU.Build.0 = Debug|Any CPU
		{FB954F3C-C21F-445C-BD24-77E407618524}.Release|Any CPU.ActiveCfg = Release|Any CPU
		{FB954F3C-C21F-445C-BD24-77E407618524}.Release|Any CPU.Build.0 = Release|Any CPU
		{47D83CF2-C87D-47F1-A1F3-2027A9A8054F}.Debug|Any CPU.ActiveCfg = Debug|Any CPU
		{47D83CF2-C87D-47F1-A1F3-2027A9A8054F}.Debug|Any CPU.Build.0 = Debug|Any CPU
		{47D83CF2-C87D-47F1-A1F3-2027A9A8054F}.Release|Any CPU.ActiveCfg = Release|Any CPU
		{47D83CF2-C87D-47F1-A1F3-2027A9A8054F}.Release|Any CPU.Build.0 = Release|Any CPU
		{573E8D4A-61B3-4527-8073-2B03C940C02A}.Debug|Any CPU.ActiveCfg = Debug|Any CPU
		{573E8D4A-61B3-4527-8073-2B03C940C02A}.Debug|Any CPU.Build.0 = Debug|Any CPU
		{573E8D4A-61B3-4527-8073-2B03C940C02A}.Release|Any CPU.ActiveCfg = Release|Any CPU
		{573E8D4A-61B3-4527-8073-2B03C940C02A}.Release|Any CPU.Build.0 = Release|Any CPU
		{4FFEB15F-6BDC-4D63-B3F0-2BC47115DD8E}.Debug|Any CPU.ActiveCfg = Debug|Any CPU
		{4FFEB15F-6BDC-4D63-B3F0-2BC47115DD8E}.Debug|Any CPU.Build.0 = Debug|Any CPU
		{4FFEB15F-6BDC-4D63-B3F0-2BC47115DD8E}.Release|Any CPU.ActiveCfg = Release|Any CPU
		{4FFEB15F-6BDC-4D63-B3F0-2BC47115DD8E}.Release|Any CPU.Build.0 = Release|Any CPU
		{B2AC11C5-65B6-47B0-9955-DD0E258749DE}.Debug|Any CPU.ActiveCfg = Debug|Any CPU
		{B2AC11C5-65B6-47B0-9955-DD0E258749DE}.Debug|Any CPU.Build.0 = Debug|Any CPU
		{B2AC11C5-65B6-47B0-9955-DD0E258749DE}.Release|Any CPU.ActiveCfg = Release|Any CPU
		{B2AC11C5-65B6-47B0-9955-DD0E258749DE}.Release|Any CPU.Build.0 = Release|Any CPU
		{D6FB6374-E844-417C-AA0A-B34E38FD23A2}.Debug|Any CPU.ActiveCfg = Debug|Any CPU
		{D6FB6374-E844-417C-AA0A-B34E38FD23A2}.Debug|Any CPU.Build.0 = Debug|Any CPU
		{D6FB6374-E844-417C-AA0A-B34E38FD23A2}.Release|Any CPU.ActiveCfg = Release|Any CPU
		{D6FB6374-E844-417C-AA0A-B34E38FD23A2}.Release|Any CPU.Build.0 = Release|Any CPU
		{DC1CF440-67BE-4C68-8FC5-889A8482DC9A}.Debug|Any CPU.ActiveCfg = Debug|Any CPU
		{DC1CF440-67BE-4C68-8FC5-889A8482DC9A}.Debug|Any CPU.Build.0 = Debug|Any CPU
		{DC1CF440-67BE-4C68-8FC5-889A8482DC9A}.Release|Any CPU.ActiveCfg = Release|Any CPU
		{DC1CF440-67BE-4C68-8FC5-889A8482DC9A}.Release|Any CPU.Build.0 = Release|Any CPU
		{D9A1F1D1-328D-4C6C-BEB5-7AE5A793409E}.Debug|Any CPU.ActiveCfg = Debug|Any CPU
		{D9A1F1D1-328D-4C6C-BEB5-7AE5A793409E}.Debug|Any CPU.Build.0 = Debug|Any CPU
		{D9A1F1D1-328D-4C6C-BEB5-7AE5A793409E}.Release|Any CPU.ActiveCfg = Release|Any CPU
		{D9A1F1D1-328D-4C6C-BEB5-7AE5A793409E}.Release|Any CPU.Build.0 = Release|Any CPU
		{A515E39C-8258-4D35-A6F6-EF5079FA722C}.Debug|Any CPU.ActiveCfg = Debug|Any CPU
		{A515E39C-8258-4D35-A6F6-EF5079FA722C}.Debug|Any CPU.Build.0 = Debug|Any CPU
		{A515E39C-8258-4D35-A6F6-EF5079FA722C}.Release|Any CPU.ActiveCfg = Release|Any CPU
		{A515E39C-8258-4D35-A6F6-EF5079FA722C}.Release|Any CPU.Build.0 = Release|Any CPU
		{84948FEB-D4F5-4DB1-8437-3BEE2968C841}.Debug|Any CPU.ActiveCfg = Debug|Any CPU
		{84948FEB-D4F5-4DB1-8437-3BEE2968C841}.Debug|Any CPU.Build.0 = Debug|Any CPU
		{84948FEB-D4F5-4DB1-8437-3BEE2968C841}.Release|Any CPU.ActiveCfg = Release|Any CPU
		{84948FEB-D4F5-4DB1-8437-3BEE2968C841}.Release|Any CPU.Build.0 = Release|Any CPU
		{EF14DC9D-ECF6-4A2A-9209-0F0A419710DC}.Debug|Any CPU.ActiveCfg = Debug|Any CPU
		{EF14DC9D-ECF6-4A2A-9209-0F0A419710DC}.Debug|Any CPU.Build.0 = Debug|Any CPU
		{EF14DC9D-ECF6-4A2A-9209-0F0A419710DC}.Release|Any CPU.ActiveCfg = Release|Any CPU
		{EF14DC9D-ECF6-4A2A-9209-0F0A419710DC}.Release|Any CPU.Build.0 = Release|Any CPU
		{4EA99F15-69D2-479D-A0A5-B2DCD9E09AF4}.Debug|Any CPU.ActiveCfg = Debug|Any CPU
		{4EA99F15-69D2-479D-A0A5-B2DCD9E09AF4}.Debug|Any CPU.Build.0 = Debug|Any CPU
		{4EA99F15-69D2-479D-A0A5-B2DCD9E09AF4}.Release|Any CPU.ActiveCfg = Release|Any CPU
		{4EA99F15-69D2-479D-A0A5-B2DCD9E09AF4}.Release|Any CPU.Build.0 = Release|Any CPU
	EndGlobalSection
	GlobalSection(SolutionProperties) = preSolution
		HideSolutionNode = FALSE
	EndGlobalSection
	GlobalSection(ExtensibilityGlobals) = postSolution
		SolutionGuid = {7AAB1FF8-66D6-4063-A654-2343027BFF62}
	EndGlobalSection
EndGlobal
