
Microsoft Visual Studio Solution File, Format Version 12.00
# Visual Studio 15
VisualStudioVersion = 15.0.28010.2050
MinimumVisualStudioVersion = 10.0.40219.1
Project("{FAE04EC0-301F-11D3-BF4B-00C04F79EFBC}") = "Day2", "Day2\Day2.csproj", "{C3C8117D-9729-42CF-8481-B2BE96D599BC}"
EndProject
Project("{FAE04EC0-301F-11D3-BF4B-00C04F79EFBC}") = "Day2-1", "Day2-1\Day2-1.csproj", "{8314C44F-C32D-4201-BC68-66EDD7E8D74E}"
EndProject
Project("{FAE04EC0-301F-11D3-BF4B-00C04F79EFBC}") = "Day2-2", "Day2-2\Day2-2.csproj", "{C1077D0E-4FF0-4B78-9BE0-5EF9A120A2B4}"
EndProject
Project("{FAE04EC0-301F-11D3-BF4B-00C04F79EFBC}") = "Day2-3", "Day2-3\Day2-3.csproj", "{23E349B9-E989-4AEA-82B8-158754209746}"
EndProject
Project("{FAE04EC0-301F-11D3-BF4B-00C04F79EFBC}") = "Day-test1", "Day-test1\Day-test1.csproj", "{71C0987C-7BC6-4784-B02B-A477902EF2CB}"
EndProject
Project("{FAE04EC0-301F-11D3-BF4B-00C04F79EFBC}") = "Day2-test2", "Day2-test2\Day2-test2.csproj", "{76B51D9E-B2CF-44B8-A79E-10ADAA6F76C4}"
EndProject
Project("{FAE04EC0-301F-11D3-BF4B-00C04F79EFBC}") = "Shapes", "Shapes\Shapes.csproj", "{E70A303E-2BBF-4CD8-9C62-CD98AA2E9069}"
EndProject
Project("{FAE04EC0-301F-11D3-BF4B-00C04F79EFBC}") = "Day2-4", "Day2-4\Day2-4.csproj", "{D5171EE1-099F-4BEA-9A36-3BE80EF0019C}"
EndProject
Project("{FAE04EC0-301F-11D3-BF4B-00C04F79EFBC}") = "Day2-5", "Day2-5\Day2-5.csproj", "{6CE51EFE-6F51-42D9-BE86-98F5EF9B78E4}"
EndProject
Project("{FAE04EC0-301F-11D3-BF4B-00C04F79EFBC}") = "Day2-6", "Day2-6\Day2-6.csproj", "{F7EDF252-E590-417A-9B6F-B05C44B90936}"
EndProject
Project("{FAE04EC0-301F-11D3-BF4B-00C04F79EFBC}") = "Day2-7", "Day2-7\Day2-7.csproj", "{53CB328B-E76E-4AF9-BC4B-8D725DB2B69E}"
EndProject
Project("{FAE04EC0-301F-11D3-BF4B-00C04F79EFBC}") = "constructor test", "constructor test\constructor test.csproj", "{8DC85015-35DA-4D59-A67C-49E9C56A56C0}"
EndProject
Project("{FAE04EC0-301F-11D3-BF4B-00C04F79EFBC}") = "Day2-8", "Day2-8\Day2-8.csproj", "{3028FD27-7219-4997-AC16-9E5373E19731}"
EndProject
Project("{FAE04EC0-301F-11D3-BF4B-00C04F79EFBC}") = "Day2-9", "Day2-9\Day2-9.csproj", "{F1374478-B74F-4DE5-806D-1B6243FAF1E8}"
EndProject
Project("{FAE04EC0-301F-11D3-BF4B-00C04F79EFBC}") = "Day2-10", "Day2-10\Day2-10.csproj", "{56C92727-ECAB-47D6-B370-F90A81FC9F2A}"
EndProject
Project("{FAE04EC0-301F-11D3-BF4B-00C04F79EFBC}") = "Day2-11", "Day2-11\Day2-11.csproj", "{FDD28A15-9D7B-492B-95E7-68B1A4CFE01F}"
EndProject
Project("{FAE04EC0-301F-11D3-BF4B-00C04F79EFBC}") = "LAB1", "LAB1\LAB1.csproj", "{4E979FE9-9E25-417A-A0D0-F8E94B4A224E}"
EndProject
Project("{FAE04EC0-301F-11D3-BF4B-00C04F79EFBC}") = "Day2-12", "Day2-12\Day2-12.csproj", "{D8FAD65A-79E5-475E-817C-F87A385E53C0}"
EndProject
Project("{FAE04EC0-301F-11D3-BF4B-00C04F79EFBC}") = "Day2-13", "Day2-13\Day2-13.csproj", "{736CB53C-04B6-4B06-9DB0-51BC53080C5A}"
EndProject
Project("{FAE04EC0-301F-11D3-BF4B-00C04F79EFBC}") = "Day2-14", "Day2-14\Day2-14.csproj", "{24777524-5FB7-4658-B6F2-9C165CDBB1A0}"
EndProject
Project("{FAE04EC0-301F-11D3-BF4B-00C04F79EFBC}") = "lab2", "lab2\lab2.csproj", "{EEF6184A-8D38-4706-9380-BFD11D90929B}"
EndProject
Project("{FAE04EC0-301F-11D3-BF4B-00C04F79EFBC}") = "Lab2-1", "Lab2-1\Lab2-1.csproj", "{0491E7C7-9868-452C-8085-0B1B5C96C267}"
EndProject
Project("{FAE04EC0-301F-11D3-BF4B-00C04F79EFBC}") = "Day2-15", "Day2-15\Day2-15.csproj", "{63BA22B7-C458-4DB2-8371-5A430324B180}"
EndProject
Project("{FAE04EC0-301F-11D3-BF4B-00C04F79EFBC}") = "Day2-16", "Day2-16\Day2-16.csproj", "{DB454FBD-1343-442A-9162-606BED175428}"
EndProject
Project("{FAE04EC0-301F-11D3-BF4B-00C04F79EFBC}") = "Day2-17", "Day2-17\Day2-17.csproj", "{88E71188-7BF7-45A5-A445-C0F40337A063}"
EndProject
Project("{FAE04EC0-301F-11D3-BF4B-00C04F79EFBC}") = "lab3", "lab3\lab3.csproj", "{5EF97155-3944-4234-9466-EF7EAAB7EFCB}"
EndProject
Global
	GlobalSection(SolutionConfigurationPlatforms) = preSolution
		Debug|Any CPU = Debug|Any CPU
		Release|Any CPU = Release|Any CPU
	EndGlobalSection
	GlobalSection(ProjectConfigurationPlatforms) = postSolution
		{C3C8117D-9729-42CF-8481-B2BE96D599BC}.Debug|Any CPU.ActiveCfg = Debug|Any CPU
		{C3C8117D-9729-42CF-8481-B2BE96D599BC}.Debug|Any CPU.Build.0 = Debug|Any CPU
		{C3C8117D-9729-42CF-8481-B2BE96D599BC}.Release|Any CPU.ActiveCfg = Release|Any CPU
		{C3C8117D-9729-42CF-8481-B2BE96D599BC}.Release|Any CPU.Build.0 = Release|Any CPU
		{8314C44F-C32D-4201-BC68-66EDD7E8D74E}.Debug|Any CPU.ActiveCfg = Debug|Any CPU
		{8314C44F-C32D-4201-BC68-66EDD7E8D74E}.Debug|Any CPU.Build.0 = Debug|Any CPU
		{8314C44F-C32D-4201-BC68-66EDD7E8D74E}.Release|Any CPU.ActiveCfg = Release|Any CPU
		{8314C44F-C32D-4201-BC68-66EDD7E8D74E}.Release|Any CPU.Build.0 = Release|Any CPU
		{C1077D0E-4FF0-4B78-9BE0-5EF9A120A2B4}.Debug|Any CPU.ActiveCfg = Debug|Any CPU
		{C1077D0E-4FF0-4B78-9BE0-5EF9A120A2B4}.Debug|Any CPU.Build.0 = Debug|Any CPU
		{C1077D0E-4FF0-4B78-9BE0-5EF9A120A2B4}.Release|Any CPU.ActiveCfg = Release|Any CPU
		{C1077D0E-4FF0-4B78-9BE0-5EF9A120A2B4}.Release|Any CPU.Build.0 = Release|Any CPU
		{23E349B9-E989-4AEA-82B8-158754209746}.Debug|Any CPU.ActiveCfg = Debug|Any CPU
		{23E349B9-E989-4AEA-82B8-158754209746}.Debug|Any CPU.Build.0 = Debug|Any CPU
		{23E349B9-E989-4AEA-82B8-158754209746}.Release|Any CPU.ActiveCfg = Release|Any CPU
		{23E349B9-E989-4AEA-82B8-158754209746}.Release|Any CPU.Build.0 = Release|Any CPU
		{71C0987C-7BC6-4784-B02B-A477902EF2CB}.Debug|Any CPU.ActiveCfg = Debug|Any CPU
		{71C0987C-7BC6-4784-B02B-A477902EF2CB}.Debug|Any CPU.Build.0 = Debug|Any CPU
		{71C0987C-7BC6-4784-B02B-A477902EF2CB}.Release|Any CPU.ActiveCfg = Release|Any CPU
		{71C0987C-7BC6-4784-B02B-A477902EF2CB}.Release|Any CPU.Build.0 = Release|Any CPU
		{76B51D9E-B2CF-44B8-A79E-10ADAA6F76C4}.Debug|Any CPU.ActiveCfg = Debug|Any CPU
		{76B51D9E-B2CF-44B8-A79E-10ADAA6F76C4}.Debug|Any CPU.Build.0 = Debug|Any CPU
		{76B51D9E-B2CF-44B8-A79E-10ADAA6F76C4}.Release|Any CPU.ActiveCfg = Release|Any CPU
		{76B51D9E-B2CF-44B8-A79E-10ADAA6F76C4}.Release|Any CPU.Build.0 = Release|Any CPU
		{E70A303E-2BBF-4CD8-9C62-CD98AA2E9069}.Debug|Any CPU.ActiveCfg = Debug|Any CPU
		{E70A303E-2BBF-4CD8-9C62-CD98AA2E9069}.Debug|Any CPU.Build.0 = Debug|Any CPU
		{E70A303E-2BBF-4CD8-9C62-CD98AA2E9069}.Release|Any CPU.ActiveCfg = Release|Any CPU
		{E70A303E-2BBF-4CD8-9C62-CD98AA2E9069}.Release|Any CPU.Build.0 = Release|Any CPU
		{D5171EE1-099F-4BEA-9A36-3BE80EF0019C}.Debug|Any CPU.ActiveCfg = Debug|Any CPU
		{D5171EE1-099F-4BEA-9A36-3BE80EF0019C}.Debug|Any CPU.Build.0 = Debug|Any CPU
		{D5171EE1-099F-4BEA-9A36-3BE80EF0019C}.Release|Any CPU.ActiveCfg = Release|Any CPU
		{D5171EE1-099F-4BEA-9A36-3BE80EF0019C}.Release|Any CPU.Build.0 = Release|Any CPU
		{6CE51EFE-6F51-42D9-BE86-98F5EF9B78E4}.Debug|Any CPU.ActiveCfg = Debug|Any CPU
		{6CE51EFE-6F51-42D9-BE86-98F5EF9B78E4}.Debug|Any CPU.Build.0 = Debug|Any CPU
		{6CE51EFE-6F51-42D9-BE86-98F5EF9B78E4}.Release|Any CPU.ActiveCfg = Release|Any CPU
		{6CE51EFE-6F51-42D9-BE86-98F5EF9B78E4}.Release|Any CPU.Build.0 = Release|Any CPU
		{F7EDF252-E590-417A-9B6F-B05C44B90936}.Debug|Any CPU.ActiveCfg = Debug|Any CPU
		{F7EDF252-E590-417A-9B6F-B05C44B90936}.Debug|Any CPU.Build.0 = Debug|Any CPU
		{F7EDF252-E590-417A-9B6F-B05C44B90936}.Release|Any CPU.ActiveCfg = Release|Any CPU
		{F7EDF252-E590-417A-9B6F-B05C44B90936}.Release|Any CPU.Build.0 = Release|Any CPU
		{53CB328B-E76E-4AF9-BC4B-8D725DB2B69E}.Debug|Any CPU.ActiveCfg = Debug|Any CPU
		{53CB328B-E76E-4AF9-BC4B-8D725DB2B69E}.Debug|Any CPU.Build.0 = Debug|Any CPU
		{53CB328B-E76E-4AF9-BC4B-8D725DB2B69E}.Release|Any CPU.ActiveCfg = Release|Any CPU
		{53CB328B-E76E-4AF9-BC4B-8D725DB2B69E}.Release|Any CPU.Build.0 = Release|Any CPU
		{8DC85015-35DA-4D59-A67C-49E9C56A56C0}.Debug|Any CPU.ActiveCfg = Debug|Any CPU
		{8DC85015-35DA-4D59-A67C-49E9C56A56C0}.Debug|Any CPU.Build.0 = Debug|Any CPU
		{8DC85015-35DA-4D59-A67C-49E9C56A56C0}.Release|Any CPU.ActiveCfg = Release|Any CPU
		{8DC85015-35DA-4D59-A67C-49E9C56A56C0}.Release|Any CPU.Build.0 = Release|Any CPU
		{3028FD27-7219-4997-AC16-9E5373E19731}.Debug|Any CPU.ActiveCfg = Debug|Any CPU
		{3028FD27-7219-4997-AC16-9E5373E19731}.Debug|Any CPU.Build.0 = Debug|Any CPU
		{3028FD27-7219-4997-AC16-9E5373E19731}.Release|Any CPU.ActiveCfg = Release|Any CPU
		{3028FD27-7219-4997-AC16-9E5373E19731}.Release|Any CPU.Build.0 = Release|Any CPU
		{F1374478-B74F-4DE5-806D-1B6243FAF1E8}.Debug|Any CPU.ActiveCfg = Debug|Any CPU
		{F1374478-B74F-4DE5-806D-1B6243FAF1E8}.Debug|Any CPU.Build.0 = Debug|Any CPU
		{F1374478-B74F-4DE5-806D-1B6243FAF1E8}.Release|Any CPU.ActiveCfg = Release|Any CPU
		{F1374478-B74F-4DE5-806D-1B6243FAF1E8}.Release|Any CPU.Build.0 = Release|Any CPU
		{56C92727-ECAB-47D6-B370-F90A81FC9F2A}.Debug|Any CPU.ActiveCfg = Debug|Any CPU
		{56C92727-ECAB-47D6-B370-F90A81FC9F2A}.Debug|Any CPU.Build.0 = Debug|Any CPU
		{56C92727-ECAB-47D6-B370-F90A81FC9F2A}.Release|Any CPU.ActiveCfg = Release|Any CPU
		{56C92727-ECAB-47D6-B370-F90A81FC9F2A}.Release|Any CPU.Build.0 = Release|Any CPU
		{FDD28A15-9D7B-492B-95E7-68B1A4CFE01F}.Debug|Any CPU.ActiveCfg = Debug|Any CPU
		{FDD28A15-9D7B-492B-95E7-68B1A4CFE01F}.Debug|Any CPU.Build.0 = Debug|Any CPU
		{FDD28A15-9D7B-492B-95E7-68B1A4CFE01F}.Release|Any CPU.ActiveCfg = Release|Any CPU
		{FDD28A15-9D7B-492B-95E7-68B1A4CFE01F}.Release|Any CPU.Build.0 = Release|Any CPU
		{4E979FE9-9E25-417A-A0D0-F8E94B4A224E}.Debug|Any CPU.ActiveCfg = Debug|Any CPU
		{4E979FE9-9E25-417A-A0D0-F8E94B4A224E}.Debug|Any CPU.Build.0 = Debug|Any CPU
		{4E979FE9-9E25-417A-A0D0-F8E94B4A224E}.Release|Any CPU.ActiveCfg = Release|Any CPU
		{4E979FE9-9E25-417A-A0D0-F8E94B4A224E}.Release|Any CPU.Build.0 = Release|Any CPU
		{D8FAD65A-79E5-475E-817C-F87A385E53C0}.Debug|Any CPU.ActiveCfg = Debug|Any CPU
		{D8FAD65A-79E5-475E-817C-F87A385E53C0}.Debug|Any CPU.Build.0 = Debug|Any CPU
		{D8FAD65A-79E5-475E-817C-F87A385E53C0}.Release|Any CPU.ActiveCfg = Release|Any CPU
		{D8FAD65A-79E5-475E-817C-F87A385E53C0}.Release|Any CPU.Build.0 = Release|Any CPU
		{736CB53C-04B6-4B06-9DB0-51BC53080C5A}.Debug|Any CPU.ActiveCfg = Debug|Any CPU
		{736CB53C-04B6-4B06-9DB0-51BC53080C5A}.Debug|Any CPU.Build.0 = Debug|Any CPU
		{736CB53C-04B6-4B06-9DB0-51BC53080C5A}.Release|Any CPU.ActiveCfg = Release|Any CPU
		{736CB53C-04B6-4B06-9DB0-51BC53080C5A}.Release|Any CPU.Build.0 = Release|Any CPU
		{24777524-5FB7-4658-B6F2-9C165CDBB1A0}.Debug|Any CPU.ActiveCfg = Debug|Any CPU
		{24777524-5FB7-4658-B6F2-9C165CDBB1A0}.Debug|Any CPU.Build.0 = Debug|Any CPU
		{24777524-5FB7-4658-B6F2-9C165CDBB1A0}.Release|Any CPU.ActiveCfg = Release|Any CPU
		{24777524-5FB7-4658-B6F2-9C165CDBB1A0}.Release|Any CPU.Build.0 = Release|Any CPU
		{EEF6184A-8D38-4706-9380-BFD11D90929B}.Debug|Any CPU.ActiveCfg = Debug|Any CPU
		{EEF6184A-8D38-4706-9380-BFD11D90929B}.Debug|Any CPU.Build.0 = Debug|Any CPU
		{EEF6184A-8D38-4706-9380-BFD11D90929B}.Release|Any CPU.ActiveCfg = Release|Any CPU
		{EEF6184A-8D38-4706-9380-BFD11D90929B}.Release|Any CPU.Build.0 = Release|Any CPU
		{0491E7C7-9868-452C-8085-0B1B5C96C267}.Debug|Any CPU.ActiveCfg = Debug|Any CPU
		{0491E7C7-9868-452C-8085-0B1B5C96C267}.Debug|Any CPU.Build.0 = Debug|Any CPU
		{0491E7C7-9868-452C-8085-0B1B5C96C267}.Release|Any CPU.ActiveCfg = Release|Any CPU
		{0491E7C7-9868-452C-8085-0B1B5C96C267}.Release|Any CPU.Build.0 = Release|Any CPU
		{63BA22B7-C458-4DB2-8371-5A430324B180}.Debug|Any CPU.ActiveCfg = Debug|Any CPU
		{63BA22B7-C458-4DB2-8371-5A430324B180}.Debug|Any CPU.Build.0 = Debug|Any CPU
		{63BA22B7-C458-4DB2-8371-5A430324B180}.Release|Any CPU.ActiveCfg = Release|Any CPU
		{63BA22B7-C458-4DB2-8371-5A430324B180}.Release|Any CPU.Build.0 = Release|Any CPU
		{DB454FBD-1343-442A-9162-606BED175428}.Debug|Any CPU.ActiveCfg = Debug|Any CPU
		{DB454FBD-1343-442A-9162-606BED175428}.Debug|Any CPU.Build.0 = Debug|Any CPU
		{DB454FBD-1343-442A-9162-606BED175428}.Release|Any CPU.ActiveCfg = Release|Any CPU
		{DB454FBD-1343-442A-9162-606BED175428}.Release|Any CPU.Build.0 = Release|Any CPU
		{88E71188-7BF7-45A5-A445-C0F40337A063}.Debug|Any CPU.ActiveCfg = Debug|Any CPU
		{88E71188-7BF7-45A5-A445-C0F40337A063}.Debug|Any CPU.Build.0 = Debug|Any CPU
		{88E71188-7BF7-45A5-A445-C0F40337A063}.Release|Any CPU.ActiveCfg = Release|Any CPU
		{88E71188-7BF7-45A5-A445-C0F40337A063}.Release|Any CPU.Build.0 = Release|Any CPU
		{5EF97155-3944-4234-9466-EF7EAAB7EFCB}.Debug|Any CPU.ActiveCfg = Debug|Any CPU
		{5EF97155-3944-4234-9466-EF7EAAB7EFCB}.Debug|Any CPU.Build.0 = Debug|Any CPU
		{5EF97155-3944-4234-9466-EF7EAAB7EFCB}.Release|Any CPU.ActiveCfg = Release|Any CPU
		{5EF97155-3944-4234-9466-EF7EAAB7EFCB}.Release|Any CPU.Build.0 = Release|Any CPU
	EndGlobalSection
	GlobalSection(SolutionProperties) = preSolution
		HideSolutionNode = FALSE
	EndGlobalSection
	GlobalSection(ExtensibilityGlobals) = postSolution
		SolutionGuid = {2AB172CC-3370-4D6C-B957-653488AAA51C}
	EndGlobalSection
EndGlobal
